
Microsoft Visual Studio Solution File, Format Version 12.00
# Visual Studio Version 17
VisualStudioVersion = 17.13.35913.81 d17.13
MinimumVisualStudioVersion = 10.0.40219.1
Project("{FAE04EC0-301F-11D3-BF4B-00C04F79EFBC}") = "VolunteerApi", "VolunteerApi\VolunteerApi.csproj", "{1AD4EA20-4209-4B2E-A713-D9B10A99A8F5}"
EndProject
Global
	GlobalSection(SolutionConfigurationPlatforms) = preSolution
		Debug|Any CPU = Debug|Any CPU
		Release|Any CPU = Release|Any CPU
	EndGlobalSection
	GlobalSection(ProjectConfigurationPlatforms) = postSolution
		{1AD4EA20-4209-4B2E-A713-D9B10A99A8F5}.Debug|Any CPU.ActiveCfg = Debug|Any CPU
		{1AD4EA20-4209-4B2E-A713-D9B10A99A8F5}.Debug|Any CPU.Build.0 = Debug|Any CPU
		{1AD4EA20-4209-4B2E-A713-D9B10A99A8F5}.Release|Any CPU.ActiveCfg = Release|Any CPU
		{1AD4EA20-4209-4B2E-A713-D9B10A99A8F5}.Release|Any CPU.Build.0 = Release|Any CPU
	EndGlobalSection
	GlobalSection(SolutionProperties) = preSolution
		HideSolutionNode = FALSE
	EndGlobalSection
	GlobalSection(ExtensibilityGlobals) = postSolution
		SolutionGuid = {E4CECE70-E8F9-431F-99D0-FF06FBB5B915}
	EndGlobalSection
EndGlobal
